
Microsoft Visual Studio Solution File, Format Version 12.00
# Visual Studio 2017
Project("{FAE04EC0-301F-11D3-BF4B-00C04F79EFBC}") = "VR setup", "VR setup.csproj", "{B3B975E0-3973-6D04-3E48-68017730413E}"
EndProject
Project("{FAE04EC0-301F-11D3-BF4B-00C04F79EFBC}") = "VR setup.Editor", "VR setup.Editor.csproj", "{58C9067C-1F91-EEE8-DA56-6894050B188A}"
EndProject
Global
	GlobalSection(SolutionConfigurationPlatforms) = preSolution
		Debug|Any CPU = Debug|Any CPU
		Release|Any CPU = Release|Any CPU
	EndGlobalSection
	GlobalSection(ProjectConfigurationPlatforms) = postSolution
		{B3B975E0-3973-6D04-3E48-68017730413E}.Debug|Any CPU.ActiveCfg = Debug|Any CPU
		{B3B975E0-3973-6D04-3E48-68017730413E}.Debug|Any CPU.Build.0 = Debug|Any CPU
		{B3B975E0-3973-6D04-3E48-68017730413E}.Release|Any CPU.ActiveCfg = Release|Any CPU
		{B3B975E0-3973-6D04-3E48-68017730413E}.Release|Any CPU.Build.0 = Release|Any CPU
		{58C9067C-1F91-EEE8-DA56-6894050B188A}.Debug|Any CPU.ActiveCfg = Debug|Any CPU
		{58C9067C-1F91-EEE8-DA56-6894050B188A}.Debug|Any CPU.Build.0 = Debug|Any CPU
		{58C9067C-1F91-EEE8-DA56-6894050B188A}.Release|Any CPU.ActiveCfg = Release|Any CPU
		{58C9067C-1F91-EEE8-DA56-6894050B188A}.Release|Any CPU.Build.0 = Release|Any CPU
	EndGlobalSection
	GlobalSection(SolutionProperties) = preSolution
		HideSolutionNode = FALSE
	EndGlobalSection
EndGlobal
