
Microsoft Visual Studio Solution File, Format Version 12.00
# Visual Studio 2017
Project("{FAE04EC0-301F-11D3-BF4B-00C04F79EFBC}") = "Virtual Reality second try", "Virtual Reality second try.csproj", "{1D874E10-2CA3-EC81-3C90-8152BDC94653}"
EndProject
Project("{FAE04EC0-301F-11D3-BF4B-00C04F79EFBC}") = "Virtual Reality second try.Editor", "Virtual Reality second try.Editor.csproj", "{94F95153-4D7F-1BA5-29DD-AE9D40494E73}"
EndProject
Global
	GlobalSection(SolutionConfigurationPlatforms) = preSolution
		Debug|Any CPU = Debug|Any CPU
		Release|Any CPU = Release|Any CPU
	EndGlobalSection
	GlobalSection(ProjectConfigurationPlatforms) = postSolution
		{1D874E10-2CA3-EC81-3C90-8152BDC94653}.Debug|Any CPU.ActiveCfg = Debug|Any CPU
		{1D874E10-2CA3-EC81-3C90-8152BDC94653}.Debug|Any CPU.Build.0 = Debug|Any CPU
		{1D874E10-2CA3-EC81-3C90-8152BDC94653}.Release|Any CPU.ActiveCfg = Release|Any CPU
		{1D874E10-2CA3-EC81-3C90-8152BDC94653}.Release|Any CPU.Build.0 = Release|Any CPU
		{94F95153-4D7F-1BA5-29DD-AE9D40494E73}.Debug|Any CPU.ActiveCfg = Debug|Any CPU
		{94F95153-4D7F-1BA5-29DD-AE9D40494E73}.Debug|Any CPU.Build.0 = Debug|Any CPU
		{94F95153-4D7F-1BA5-29DD-AE9D40494E73}.Release|Any CPU.ActiveCfg = Release|Any CPU
		{94F95153-4D7F-1BA5-29DD-AE9D40494E73}.Release|Any CPU.Build.0 = Release|Any CPU
	EndGlobalSection
	GlobalSection(SolutionProperties) = preSolution
		HideSolutionNode = FALSE
	EndGlobalSection
EndGlobal
